{
    "requires": true,
    "lockfileVersion": 1,
    "dependencies": {
        "bulma-helpers": {
            "version": "0.3.8",
            "resolved": "https://registry.npmjs.org/bulma-helpers/-/bulma-helpers-0.3.8.tgz",
            "integrity": "sha512-SZBkcRCKogzYduo9GduLMtYg2SJ7RT0hRWypWXLs48lmqKxiPgj4gWlt4TzUq7fwzhbmVbtFyfWdwvWgIYCKMA=="
        }
    }
}
